{
  "name": "symphony",
  "lockfileVersion": 3,
  "requires": true,
  "packages": {
    "": {
      "dependencies": {
        "@cloudflare/sandbox": "^0.10.1"
      }
    },
    "node_modules/@cloudflare/containers": {
      "version": "0.3.4",
      "resolved": "https://registry.npmjs.org/@cloudflare/containers/-/containers-0.3.4.tgz",
      "integrity": "sha512-6kWodmgBSug/rr9fjcWrZcKhxmWTEc1BTKC6nVv7yvYaRRvV3rZPZjq9R17eN0l9cl2LNc03wp/Z6OV+0uDwXA==",
      "license": "ISC"
    },
    "node_modules/@cloudflare/sandbox": {
      "version": "0.10.1",
      "resolved": "https://registry.npmjs.org/@cloudflare/sandbox/-/sandbox-0.10.1.tgz",
      "integrity": "sha512-l5QH0zemshvsYGvF5K/Lee1WydL93Oc1jZlVC2gRQkRwsNxNvHpfNn59B4/u68lax6iLGemWGd/TdJHzoq6MiQ==",
      "license": "Apache-2.0",
      "dependencies": {
        "@cloudflare/containers": "^0.3.0",
        "aws4fetch": "^1.0.20",
        "capnweb": "^0.6.1",
        "hono": "^4.12.18"
      },
      "peerDependencies": {
        "@openai/agents": "^0.3.3",
        "@opencode-ai/sdk": "^1.1.40",
        "@xterm/xterm": ">=5.0.0"
      },
      "peerDependenciesMeta": {
        "@openai/agents": {
          "optional": true
        },
        "@opencode-ai/sdk": {
          "optional": true
        },
        "@xterm/xterm": {
          "optional": true
        }
      }
    },
    "node_modules/aws4fetch": {
      "version": "1.0.20",
      "resolved": "https://registry.npmjs.org/aws4fetch/-/aws4fetch-1.0.20.tgz",
      "integrity": "sha512-/djoAN709iY65ETD6LKCtyyEI04XIBP5xVvfmNxsEP0uJB5tyaGBztSryRr4HqMStr9R06PisQE7m9zDTXKu6g==",
      "license": "MIT"
    },
    "node_modules/capnweb": {
      "version": "0.6.1",
      "resolved": "https://registry.npmjs.org/capnweb/-/capnweb-0.6.1.tgz",
      "integrity": "sha512-fmhV26QPd1ewf5R74h55oVZnGwIcSaRMzbfLQUy8+zOBjuTmT3KXoT8wxHvnp1m9Ht9BoUUS5ZwNLoVLfQTyBg==",
      "license": "MIT"
    },
    "node_modules/hono": {
      "version": "4.12.18",
      "resolved": "https://registry.npmjs.org/hono/-/hono-4.12.18.tgz",
      "integrity": "sha512-RWzP96k/yv0PQfyXnWjs6zot20TqfpfsNXhOnev8d1InAxubW93L11/oNUc3tQqn2G0bSdAOBpX+2uDFHV7kdQ==",
      "license": "MIT",
      "engines": {
        "node": ">=16.9.0"
      }
    }
  }
}
